
Microsoft Visual Studio Solution File, Format Version 12.00
# Visual Studio Version 17
VisualStudioVersion = 17.11.35303.130
MinimumVisualStudioVersion = 10.0.40219.1
Project("{9A19103F-16F7-4668-BE54-9A1E7A4F7556}") = "AuctionService", "AuctionService\AuctionService.csproj", "{CD123AD1-A982-4EFC-BE61-C9FAF11D2091}"
EndProject
Project("{2150E333-8FDC-42A3-9474-1A3956D46DE8}") = "Solution Items", "Solution Items", "{5B3F698F-D6B5-4547-ABC0-801D92102B9E}"
	ProjectSection(SolutionItems) = preProject
		.editorconfig = .editorconfig
	EndProjectSection
EndProject
Project("{9A19103F-16F7-4668-BE54-9A1E7A4F7556}") = "SearchService", "SearchService\SearchService.csproj", "{BDD32D07-3071-49C8-AF16-0CEDF0FB99E9}"
EndProject
Project("{9A19103F-16F7-4668-BE54-9A1E7A4F7556}") = "Contracts", "Contracts\Contracts.csproj", "{81A72241-D932-4F0E-828C-FF168BB6B0C1}"
EndProject
Project("{FAE04EC0-301F-11D3-BF4B-00C04F79EFBC}") = "IdentityService", "IdentityService\IdentityService.csproj", "{CDB22467-F252-466D-8DE7-FAEA63A2391B}"
EndProject
Global
	GlobalSection(SolutionConfigurationPlatforms) = preSolution
		Debug|Any CPU = Debug|Any CPU
		Release|Any CPU = Release|Any CPU
	EndGlobalSection
	GlobalSection(ProjectConfigurationPlatforms) = postSolution
		{CD123AD1-A982-4EFC-BE61-C9FAF11D2091}.Debug|Any CPU.ActiveCfg = Debug|Any CPU
		{CD123AD1-A982-4EFC-BE61-C9FAF11D2091}.Debug|Any CPU.Build.0 = Debug|Any CPU
		{CD123AD1-A982-4EFC-BE61-C9FAF11D2091}.Release|Any CPU.ActiveCfg = Release|Any CPU
		{CD123AD1-A982-4EFC-BE61-C9FAF11D2091}.Release|Any CPU.Build.0 = Release|Any CPU
		{BDD32D07-3071-49C8-AF16-0CEDF0FB99E9}.Debug|Any CPU.ActiveCfg = Debug|Any CPU
		{BDD32D07-3071-49C8-AF16-0CEDF0FB99E9}.Debug|Any CPU.Build.0 = Debug|Any CPU
		{BDD32D07-3071-49C8-AF16-0CEDF0FB99E9}.Release|Any CPU.ActiveCfg = Release|Any CPU
		{BDD32D07-3071-49C8-AF16-0CEDF0FB99E9}.Release|Any CPU.Build.0 = Release|Any CPU
		{81A72241-D932-4F0E-828C-FF168BB6B0C1}.Debug|Any CPU.ActiveCfg = Debug|Any CPU
		{81A72241-D932-4F0E-828C-FF168BB6B0C1}.Debug|Any CPU.Build.0 = Debug|Any CPU
		{81A72241-D932-4F0E-828C-FF168BB6B0C1}.Release|Any CPU.ActiveCfg = Release|Any CPU
		{81A72241-D932-4F0E-828C-FF168BB6B0C1}.Release|Any CPU.Build.0 = Release|Any CPU
		{CDB22467-F252-466D-8DE7-FAEA63A2391B}.Debug|Any CPU.ActiveCfg = Debug|Any CPU
		{CDB22467-F252-466D-8DE7-FAEA63A2391B}.Debug|Any CPU.Build.0 = Debug|Any CPU
		{CDB22467-F252-466D-8DE7-FAEA63A2391B}.Release|Any CPU.ActiveCfg = Release|Any CPU
		{CDB22467-F252-466D-8DE7-FAEA63A2391B}.Release|Any CPU.Build.0 = Release|Any CPU
	EndGlobalSection
	GlobalSection(SolutionProperties) = preSolution
		HideSolutionNode = FALSE
	EndGlobalSection
	GlobalSection(ExtensibilityGlobals) = postSolution
		SolutionGuid = {6EB1EA3E-BF49-4A3D-ABAC-6B770C5C8553}
	EndGlobalSection
EndGlobal
